
Microsoft Visual Studio Solution File, Format Version 12.00
# Visual Studio Version 17
VisualStudioVersion = 17.7.34003.232
MinimumVisualStudioVersion = 10.0.40219.1
Project("{2150E333-8FDC-42A3-9474-1A3956D46DE8}") = "APIGateways", "APIGateways", "{FE883B69-D313-42D7-9B48-06E68745D2FE}"
EndProject
Project("{2150E333-8FDC-42A3-9474-1A3956D46DE8}") = "Services", "Services", "{0D1A0D16-5D7F-4E02-9035-B51239CA0F61}"
EndProject
Project("{2150E333-8FDC-42A3-9474-1A3956D46DE8}") = "Management", "Management", "{622562DB-1DDE-43E0-BE8F-FA2C1CCF8DFC}"
EndProject
Project("{2150E333-8FDC-42A3-9474-1A3956D46DE8}") = "Organization", "Organization", "{5025A44C-B615-40D9-9F31-1D3663001DD5}"
EndProject
Project("{2150E333-8FDC-42A3-9474-1A3956D46DE8}") = "API", "API", "{CC736E93-CE62-47EA-89F1-04ED26F4963B}"
EndProject
Project("{2150E333-8FDC-42A3-9474-1A3956D46DE8}") = "Core", "Core", "{09FFC0BC-5A83-4263-8E30-8D0318578AF8}"
EndProject
Project("{2150E333-8FDC-42A3-9474-1A3956D46DE8}") = "Infraestructure", "Infraestructure", "{5570E5F0-B322-4EB0-BB04-99A40470C340}"
EndProject
Project("{2150E333-8FDC-42A3-9474-1A3956D46DE8}") = "Test", "Test", "{954BC180-208C-44CA-9654-C2877FEA80ED}"
EndProject
Project("{2150E333-8FDC-42A3-9474-1A3956D46DE8}") = "API", "API", "{41E481B6-0EBE-4558-A3A2-03443D7E548E}"
EndProject
Project("{2150E333-8FDC-42A3-9474-1A3956D46DE8}") = "Core", "Core", "{3B5B450C-D38A-4BA2-B0B2-9184742EE09E}"
EndProject
Project("{2150E333-8FDC-42A3-9474-1A3956D46DE8}") = "Infraestructure", "Infraestructure", "{EB436BA4-717F-449F-89BC-CB0933B6E0A1}"
EndProject
Project("{2150E333-8FDC-42A3-9474-1A3956D46DE8}") = "Test", "Test", "{13D3E417-E1B7-4C0C-9DFB-E63668D032E6}"
EndProject
Project("{2150E333-8FDC-42A3-9474-1A3956D46DE8}") = "Web", "Web", "{8ED42231-9F7B-468C-9EAA-84AA89F3B585}"
EndProject
Project("{9A19103F-16F7-4668-BE54-9A1E7A4F7556}") = "VoleyPlaya.Aggregator", "APIGateways\VoleyPlaya.Aggregator\VoleyPlaya.Aggregator.csproj", "{7B52F41D-736E-4C18-8C46-F1BA95147DD9}"
EndProject
Project("{9A19103F-16F7-4668-BE54-9A1E7A4F7556}") = "VoleyPlaya.APIGateway", "APIGateways\VoleyPlaya.APIGateway\VoleyPlaya.APIGateway.csproj", "{1B7C935A-2E11-42E4-BF32-ACDCEA0567B3}"
EndProject
Project("{9A19103F-16F7-4668-BE54-9A1E7A4F7556}") = "VoleyPlaya.Management.API", "Services\Management\VoleyPlaya.Management.API\VoleyPlaya.Management.API.csproj", "{4936789D-3031-4538-A38D-8A7C0016D834}"
EndProject
Project("{9A19103F-16F7-4668-BE54-9A1E7A4F7556}") = "VoleyPlaya.Management.Application", "Services\Management\VoleyPlaya.Management.Application\VoleyPlaya.Management.Application.csproj", "{B7F1E079-1E96-4D6D-98C9-2A240C8F7B6B}"
EndProject
Project("{9A19103F-16F7-4668-BE54-9A1E7A4F7556}") = "VoleyPlaya.Management.Domain", "Services\Management\VoleyPlaya.Management.Domain\VoleyPlaya.Management.Domain.csproj", "{35D0F639-26F8-47C4-AAE6-77EDEA5EED4D}"
EndProject
Project("{9A19103F-16F7-4668-BE54-9A1E7A4F7556}") = "VoleyPlaya.Management.Infraestructure", "Services\Management\VoleyPlaya.Management.Infraestructure\VoleyPlaya.Management.Infraestructure.csproj", "{E8548478-F0D7-4E65-8AE0-625033F27B32}"
EndProject
Project("{9A19103F-16F7-4668-BE54-9A1E7A4F7556}") = "VoleyPlaya.Management.Test", "Services\Management\VoleyPlaya.Management.Test\VoleyPlaya.Management.Test.csproj", "{401DF48E-FA29-43BB-AA56-EB15C3A326C0}"
EndProject
Project("{9A19103F-16F7-4668-BE54-9A1E7A4F7556}") = "VoleyPlaya.Organization.API", "Services\Organization\VoleyPlaya.Organization.API\VoleyPlaya.Organization.API.csproj", "{EDF812DA-FF1A-4FBD-9E60-6E57F3B485FE}"
EndProject
Project("{9A19103F-16F7-4668-BE54-9A1E7A4F7556}") = "VoleyPlaya.Organization.Application", "Services\Organization\VoleyPlaya.Organization.Application\VoleyPlaya.Organization.Application.csproj", "{90163596-3BF2-4313-83C9-CDD7B420C860}"
EndProject
Project("{9A19103F-16F7-4668-BE54-9A1E7A4F7556}") = "VoleyPlaya.Organization.Domain", "Services\Organization\VoleyPlaya.Organization.Domain\VoleyPlaya.Organization.Domain.csproj", "{D35F9672-6698-4623-8E82-C272198CAF28}"
EndProject
Project("{9A19103F-16F7-4668-BE54-9A1E7A4F7556}") = "VoleyPlaya.Organization.Infraestructure", "Services\Organization\VoleyPlaya.Organization.Infraestructure\VoleyPlaya.Organization.Infraestructure.csproj", "{43E2578B-C0D4-449A-9933-5D27DFF4FE3E}"
EndProject
Project("{9A19103F-16F7-4668-BE54-9A1E7A4F7556}") = "VoleyPlaya.Organization.Test", "Services\Organization\VoleyPlaya.Organization.Test\VoleyPlaya.Organization.Test.csproj", "{BA2EB8B5-82D5-4E21-A299-8261DD40CB7E}"
EndProject
Project("{9A19103F-16F7-4668-BE54-9A1E7A4F7556}") = "VoleyPlaya.Web", "Web\VoleyPlaya.Web\VoleyPlaya.Web.csproj", "{5FF01AA2-313E-4541-91E1-BB821DE870FA}"
EndProject
Project("{2150E333-8FDC-42A3-9474-1A3956D46DE8}") = "Common", "Common", "{9394C77B-7C55-44F0-AA82-C19859391D1A}"
EndProject
Project("{2150E333-8FDC-42A3-9474-1A3956D46DE8}") = "Services", "Services", "{41F37260-A9FB-4610-804E-91A91446B7DB}"
EndProject
Project("{2150E333-8FDC-42A3-9474-1A3956D46DE8}") = "Core", "Core", "{91879D2C-7FB7-44FA-8858-6C53E4DFFD15}"
EndProject
Project("{2150E333-8FDC-42A3-9474-1A3956D46DE8}") = "Infraestructure", "Infraestructure", "{EFDC5C83-D68F-47AE-A571-90E054D01A78}"
EndProject
Project("{9A19103F-16F7-4668-BE54-9A1E7A4F7556}") = "Common.Application", "Common\Common.Application\Common.Application.csproj", "{8EB3ECAB-2C23-4191-8C58-CFBA29EE007F}"
EndProject
Project("{9A19103F-16F7-4668-BE54-9A1E7A4F7556}") = "Common.Domain", "Common\Common.Domain\Common.Domain.csproj", "{B2BFC4E3-16E2-4A5F-A2FF-FCBF16E7231E}"
EndProject
Project("{9A19103F-16F7-4668-BE54-9A1E7A4F7556}") = "Common.Infraestructure", "Common\Common.Infraestructure\Common.Infraestructure.csproj", "{5D6FA4F0-18FD-4D9E-8C63-2C401DC9958A}"
EndProject
Project("{2150E333-8FDC-42A3-9474-1A3956D46DE8}") = "V1", "V1", "{E75DB3B6-B31C-4647-9826-A581D7E9FF70}"
EndProject
Project("{9A19103F-16F7-4668-BE54-9A1E7A4F7556}") = "VoleyPlaya.Domain", "..\V1-2023\VoleyPlaya.Domain\VoleyPlaya.Domain.csproj", "{2530E96A-59F2-471E-8610-EF00AE83317F}"
EndProject
Project("{9A19103F-16F7-4668-BE54-9A1E7A4F7556}") = "VoleyPlaya.GestionWeb", "..\V1-2023\VoleyPlaya.GestionWeb\VoleyPlaya.GestionWeb.csproj", "{95211AFA-41DC-4A49-A32F-44B5113E9A27}"
EndProject
Project("{9A19103F-16F7-4668-BE54-9A1E7A4F7556}") = "VoleyPlaya.Repository", "..\V1-2023\VoleyPlaya.Repository\VoleyPlaya.Repository.csproj", "{A648C13F-ADD3-441C-9D38-558373011065}"
EndProject
Project("{2150E333-8FDC-42A3-9474-1A3956D46DE8}") = "V2", "V2", "{253F5560-8C6B-4379-9680-1287CCC6D087}"
EndProject
Global
	GlobalSection(SolutionConfigurationPlatforms) = preSolution
		Debug|Any CPU = Debug|Any CPU
		Release|Any CPU = Release|Any CPU
	EndGlobalSection
	GlobalSection(ProjectConfigurationPlatforms) = postSolution
		{7B52F41D-736E-4C18-8C46-F1BA95147DD9}.Debug|Any CPU.ActiveCfg = Debug|Any CPU
		{7B52F41D-736E-4C18-8C46-F1BA95147DD9}.Debug|Any CPU.Build.0 = Debug|Any CPU
		{7B52F41D-736E-4C18-8C46-F1BA95147DD9}.Release|Any CPU.ActiveCfg = Release|Any CPU
		{7B52F41D-736E-4C18-8C46-F1BA95147DD9}.Release|Any CPU.Build.0 = Release|Any CPU
		{1B7C935A-2E11-42E4-BF32-ACDCEA0567B3}.Debug|Any CPU.ActiveCfg = Debug|Any CPU
		{1B7C935A-2E11-42E4-BF32-ACDCEA0567B3}.Debug|Any CPU.Build.0 = Debug|Any CPU
		{1B7C935A-2E11-42E4-BF32-ACDCEA0567B3}.Release|Any CPU.ActiveCfg = Release|Any CPU
		{1B7C935A-2E11-42E4-BF32-ACDCEA0567B3}.Release|Any CPU.Build.0 = Release|Any CPU
		{4936789D-3031-4538-A38D-8A7C0016D834}.Debug|Any CPU.ActiveCfg = Debug|Any CPU
		{4936789D-3031-4538-A38D-8A7C0016D834}.Debug|Any CPU.Build.0 = Debug|Any CPU
		{4936789D-3031-4538-A38D-8A7C0016D834}.Release|Any CPU.ActiveCfg = Release|Any CPU
		{4936789D-3031-4538-A38D-8A7C0016D834}.Release|Any CPU.Build.0 = Release|Any CPU
		{B7F1E079-1E96-4D6D-98C9-2A240C8F7B6B}.Debug|Any CPU.ActiveCfg = Debug|Any CPU
		{B7F1E079-1E96-4D6D-98C9-2A240C8F7B6B}.Debug|Any CPU.Build.0 = Debug|Any CPU
		{B7F1E079-1E96-4D6D-98C9-2A240C8F7B6B}.Release|Any CPU.ActiveCfg = Release|Any CPU
		{B7F1E079-1E96-4D6D-98C9-2A240C8F7B6B}.Release|Any CPU.Build.0 = Release|Any CPU
		{35D0F639-26F8-47C4-AAE6-77EDEA5EED4D}.Debug|Any CPU.ActiveCfg = Debug|Any CPU
		{35D0F639-26F8-47C4-AAE6-77EDEA5EED4D}.Debug|Any CPU.Build.0 = Debug|Any CPU
		{35D0F639-26F8-47C4-AAE6-77EDEA5EED4D}.Release|Any CPU.ActiveCfg = Release|Any CPU
		{35D0F639-26F8-47C4-AAE6-77EDEA5EED4D}.Release|Any CPU.Build.0 = Release|Any CPU
		{E8548478-F0D7-4E65-8AE0-625033F27B32}.Debug|Any CPU.ActiveCfg = Debug|Any CPU
		{E8548478-F0D7-4E65-8AE0-625033F27B32}.Debug|Any CPU.Build.0 = Debug|Any CPU
		{E8548478-F0D7-4E65-8AE0-625033F27B32}.Release|Any CPU.ActiveCfg = Release|Any CPU
		{E8548478-F0D7-4E65-8AE0-625033F27B32}.Release|Any CPU.Build.0 = Release|Any CPU
		{401DF48E-FA29-43BB-AA56-EB15C3A326C0}.Debug|Any CPU.ActiveCfg = Debug|Any CPU
		{401DF48E-FA29-43BB-AA56-EB15C3A326C0}.Debug|Any CPU.Build.0 = Debug|Any CPU
		{401DF48E-FA29-43BB-AA56-EB15C3A326C0}.Release|Any CPU.ActiveCfg = Release|Any CPU
		{401DF48E-FA29-43BB-AA56-EB15C3A326C0}.Release|Any CPU.Build.0 = Release|Any CPU
		{EDF812DA-FF1A-4FBD-9E60-6E57F3B485FE}.Debug|Any CPU.ActiveCfg = Debug|Any CPU
		{EDF812DA-FF1A-4FBD-9E60-6E57F3B485FE}.Debug|Any CPU.Build.0 = Debug|Any CPU
		{EDF812DA-FF1A-4FBD-9E60-6E57F3B485FE}.Release|Any CPU.ActiveCfg = Release|Any CPU
		{EDF812DA-FF1A-4FBD-9E60-6E57F3B485FE}.Release|Any CPU.Build.0 = Release|Any CPU
		{90163596-3BF2-4313-83C9-CDD7B420C860}.Debug|Any CPU.ActiveCfg = Debug|Any CPU
		{90163596-3BF2-4313-83C9-CDD7B420C860}.Debug|Any CPU.Build.0 = Debug|Any CPU
		{90163596-3BF2-4313-83C9-CDD7B420C860}.Release|Any CPU.ActiveCfg = Release|Any CPU
		{90163596-3BF2-4313-83C9-CDD7B420C860}.Release|Any CPU.Build.0 = Release|Any CPU
		{D35F9672-6698-4623-8E82-C272198CAF28}.Debug|Any CPU.ActiveCfg = Debug|Any CPU
		{D35F9672-6698-4623-8E82-C272198CAF28}.Debug|Any CPU.Build.0 = Debug|Any CPU
		{D35F9672-6698-4623-8E82-C272198CAF28}.Release|Any CPU.ActiveCfg = Release|Any CPU
		{D35F9672-6698-4623-8E82-C272198CAF28}.Release|Any CPU.Build.0 = Release|Any CPU
		{43E2578B-C0D4-449A-9933-5D27DFF4FE3E}.Debug|Any CPU.ActiveCfg = Debug|Any CPU
		{43E2578B-C0D4-449A-9933-5D27DFF4FE3E}.Debug|Any CPU.Build.0 = Debug|Any CPU
		{43E2578B-C0D4-449A-9933-5D27DFF4FE3E}.Release|Any CPU.ActiveCfg = Release|Any CPU
		{43E2578B-C0D4-449A-9933-5D27DFF4FE3E}.Release|Any CPU.Build.0 = Release|Any CPU
		{BA2EB8B5-82D5-4E21-A299-8261DD40CB7E}.Debug|Any CPU.ActiveCfg = Debug|Any CPU
		{BA2EB8B5-82D5-4E21-A299-8261DD40CB7E}.Debug|Any CPU.Build.0 = Debug|Any CPU
		{BA2EB8B5-82D5-4E21-A299-8261DD40CB7E}.Release|Any CPU.ActiveCfg = Release|Any CPU
		{BA2EB8B5-82D5-4E21-A299-8261DD40CB7E}.Release|Any CPU.Build.0 = Release|Any CPU
		{5FF01AA2-313E-4541-91E1-BB821DE870FA}.Debug|Any CPU.ActiveCfg = Debug|Any CPU
		{5FF01AA2-313E-4541-91E1-BB821DE870FA}.Debug|Any CPU.Build.0 = Debug|Any CPU
		{5FF01AA2-313E-4541-91E1-BB821DE870FA}.Release|Any CPU.ActiveCfg = Release|Any CPU
		{5FF01AA2-313E-4541-91E1-BB821DE870FA}.Release|Any CPU.Build.0 = Release|Any CPU
		{8EB3ECAB-2C23-4191-8C58-CFBA29EE007F}.Debug|Any CPU.ActiveCfg = Debug|Any CPU
		{8EB3ECAB-2C23-4191-8C58-CFBA29EE007F}.Debug|Any CPU.Build.0 = Debug|Any CPU
		{8EB3ECAB-2C23-4191-8C58-CFBA29EE007F}.Release|Any CPU.ActiveCfg = Release|Any CPU
		{8EB3ECAB-2C23-4191-8C58-CFBA29EE007F}.Release|Any CPU.Build.0 = Release|Any CPU
		{B2BFC4E3-16E2-4A5F-A2FF-FCBF16E7231E}.Debug|Any CPU.ActiveCfg = Debug|Any CPU
		{B2BFC4E3-16E2-4A5F-A2FF-FCBF16E7231E}.Debug|Any CPU.Build.0 = Debug|Any CPU
		{B2BFC4E3-16E2-4A5F-A2FF-FCBF16E7231E}.Release|Any CPU.ActiveCfg = Release|Any CPU
		{B2BFC4E3-16E2-4A5F-A2FF-FCBF16E7231E}.Release|Any CPU.Build.0 = Release|Any CPU
		{5D6FA4F0-18FD-4D9E-8C63-2C401DC9958A}.Debug|Any CPU.ActiveCfg = Debug|Any CPU
		{5D6FA4F0-18FD-4D9E-8C63-2C401DC9958A}.Debug|Any CPU.Build.0 = Debug|Any CPU
		{5D6FA4F0-18FD-4D9E-8C63-2C401DC9958A}.Release|Any CPU.ActiveCfg = Release|Any CPU
		{5D6FA4F0-18FD-4D9E-8C63-2C401DC9958A}.Release|Any CPU.Build.0 = Release|Any CPU
		{2530E96A-59F2-471E-8610-EF00AE83317F}.Debug|Any CPU.ActiveCfg = Debug|Any CPU
		{2530E96A-59F2-471E-8610-EF00AE83317F}.Debug|Any CPU.Build.0 = Debug|Any CPU
		{2530E96A-59F2-471E-8610-EF00AE83317F}.Release|Any CPU.ActiveCfg = Release|Any CPU
		{2530E96A-59F2-471E-8610-EF00AE83317F}.Release|Any CPU.Build.0 = Release|Any CPU
		{95211AFA-41DC-4A49-A32F-44B5113E9A27}.Debug|Any CPU.ActiveCfg = Debug|Any CPU
		{95211AFA-41DC-4A49-A32F-44B5113E9A27}.Debug|Any CPU.Build.0 = Debug|Any CPU
		{95211AFA-41DC-4A49-A32F-44B5113E9A27}.Release|Any CPU.ActiveCfg = Release|Any CPU
		{95211AFA-41DC-4A49-A32F-44B5113E9A27}.Release|Any CPU.Build.0 = Release|Any CPU
		{A648C13F-ADD3-441C-9D38-558373011065}.Debug|Any CPU.ActiveCfg = Debug|Any CPU
		{A648C13F-ADD3-441C-9D38-558373011065}.Debug|Any CPU.Build.0 = Debug|Any CPU
		{A648C13F-ADD3-441C-9D38-558373011065}.Release|Any CPU.ActiveCfg = Release|Any CPU
		{A648C13F-ADD3-441C-9D38-558373011065}.Release|Any CPU.Build.0 = Release|Any CPU
	EndGlobalSection
	GlobalSection(SolutionProperties) = preSolution
		HideSolutionNode = FALSE
	EndGlobalSection
	GlobalSection(NestedProjects) = preSolution
		{FE883B69-D313-42D7-9B48-06E68745D2FE} = {253F5560-8C6B-4379-9680-1287CCC6D087}
		{0D1A0D16-5D7F-4E02-9035-B51239CA0F61} = {253F5560-8C6B-4379-9680-1287CCC6D087}
		{622562DB-1DDE-43E0-BE8F-FA2C1CCF8DFC} = {0D1A0D16-5D7F-4E02-9035-B51239CA0F61}
		{5025A44C-B615-40D9-9F31-1D3663001DD5} = {0D1A0D16-5D7F-4E02-9035-B51239CA0F61}
		{CC736E93-CE62-47EA-89F1-04ED26F4963B} = {622562DB-1DDE-43E0-BE8F-FA2C1CCF8DFC}
		{09FFC0BC-5A83-4263-8E30-8D0318578AF8} = {622562DB-1DDE-43E0-BE8F-FA2C1CCF8DFC}
		{5570E5F0-B322-4EB0-BB04-99A40470C340} = {622562DB-1DDE-43E0-BE8F-FA2C1CCF8DFC}
		{954BC180-208C-44CA-9654-C2877FEA80ED} = {622562DB-1DDE-43E0-BE8F-FA2C1CCF8DFC}
		{41E481B6-0EBE-4558-A3A2-03443D7E548E} = {5025A44C-B615-40D9-9F31-1D3663001DD5}
		{3B5B450C-D38A-4BA2-B0B2-9184742EE09E} = {5025A44C-B615-40D9-9F31-1D3663001DD5}
		{EB436BA4-717F-449F-89BC-CB0933B6E0A1} = {5025A44C-B615-40D9-9F31-1D3663001DD5}
		{13D3E417-E1B7-4C0C-9DFB-E63668D032E6} = {5025A44C-B615-40D9-9F31-1D3663001DD5}
		{8ED42231-9F7B-468C-9EAA-84AA89F3B585} = {253F5560-8C6B-4379-9680-1287CCC6D087}
		{7B52F41D-736E-4C18-8C46-F1BA95147DD9} = {FE883B69-D313-42D7-9B48-06E68745D2FE}
		{1B7C935A-2E11-42E4-BF32-ACDCEA0567B3} = {FE883B69-D313-42D7-9B48-06E68745D2FE}
		{4936789D-3031-4538-A38D-8A7C0016D834} = {CC736E93-CE62-47EA-89F1-04ED26F4963B}
		{B7F1E079-1E96-4D6D-98C9-2A240C8F7B6B} = {09FFC0BC-5A83-4263-8E30-8D0318578AF8}
		{35D0F639-26F8-47C4-AAE6-77EDEA5EED4D} = {09FFC0BC-5A83-4263-8E30-8D0318578AF8}
		{E8548478-F0D7-4E65-8AE0-625033F27B32} = {5570E5F0-B322-4EB0-BB04-99A40470C340}
		{401DF48E-FA29-43BB-AA56-EB15C3A326C0} = {954BC180-208C-44CA-9654-C2877FEA80ED}
		{EDF812DA-FF1A-4FBD-9E60-6E57F3B485FE} = {41E481B6-0EBE-4558-A3A2-03443D7E548E}
		{90163596-3BF2-4313-83C9-CDD7B420C860} = {3B5B450C-D38A-4BA2-B0B2-9184742EE09E}
		{D35F9672-6698-4623-8E82-C272198CAF28} = {3B5B450C-D38A-4BA2-B0B2-9184742EE09E}
		{43E2578B-C0D4-449A-9933-5D27DFF4FE3E} = {EB436BA4-717F-449F-89BC-CB0933B6E0A1}
		{BA2EB8B5-82D5-4E21-A299-8261DD40CB7E} = {13D3E417-E1B7-4C0C-9DFB-E63668D032E6}
		{5FF01AA2-313E-4541-91E1-BB821DE870FA} = {8ED42231-9F7B-468C-9EAA-84AA89F3B585}
		{9394C77B-7C55-44F0-AA82-C19859391D1A} = {253F5560-8C6B-4379-9680-1287CCC6D087}
		{41F37260-A9FB-4610-804E-91A91446B7DB} = {9394C77B-7C55-44F0-AA82-C19859391D1A}
		{91879D2C-7FB7-44FA-8858-6C53E4DFFD15} = {41F37260-A9FB-4610-804E-91A91446B7DB}
		{EFDC5C83-D68F-47AE-A571-90E054D01A78} = {41F37260-A9FB-4610-804E-91A91446B7DB}
		{8EB3ECAB-2C23-4191-8C58-CFBA29EE007F} = {91879D2C-7FB7-44FA-8858-6C53E4DFFD15}
		{B2BFC4E3-16E2-4A5F-A2FF-FCBF16E7231E} = {91879D2C-7FB7-44FA-8858-6C53E4DFFD15}
		{5D6FA4F0-18FD-4D9E-8C63-2C401DC9958A} = {EFDC5C83-D68F-47AE-A571-90E054D01A78}
		{2530E96A-59F2-471E-8610-EF00AE83317F} = {E75DB3B6-B31C-4647-9826-A581D7E9FF70}
		{95211AFA-41DC-4A49-A32F-44B5113E9A27} = {E75DB3B6-B31C-4647-9826-A581D7E9FF70}
		{A648C13F-ADD3-441C-9D38-558373011065} = {E75DB3B6-B31C-4647-9826-A581D7E9FF70}
	EndGlobalSection
	GlobalSection(ExtensibilityGlobals) = postSolution
		SolutionGuid = {880236C2-BE3C-473A-8075-9BB681F1137C}
	EndGlobalSection
EndGlobal
