
Microsoft Visual Studio Solution File, Format Version 12.00
# Visual Studio Version 17
VisualStudioVersion = 17.5.33424.131
MinimumVisualStudioVersion = 10.0.40219.1
Project("{2150E333-8FDC-42A3-9474-1A3956D46DE8}") = "Voleibol", "Voleibol", "{63AEA20F-8648-4D8D-B921-1CF4450A805B}"
EndProject
Project("{9A19103F-16F7-4668-BE54-9A1E7A4F7556}") = "General.CrossCutting.Lib", "Ligamania\General.Repository\General.CrossCutting.Lib.csproj", "{571073AC-A3F2-4C90-B5A8-11B0665359DB}"
EndProject
Project("{9A19103F-16F7-4668-BE54-9A1E7A4F7556}") = "PagosXml", "Federacion\PagosXml\PagosXml.csproj", "{9C87F6D5-BBD9-4205-A988-408EA4AC0A51}"
EndProject
Project("{2150E333-8FDC-42A3-9474-1A3956D46DE8}") = "Ejemplos", "Ejemplos", "{C2298CAC-207C-4B77-A9F1-57109A69BBDB}"
EndProject
Project("{9A19103F-16F7-4668-BE54-9A1E7A4F7556}") = "Notes", "Ejemplos\Notes\Notes.csproj", "{549B50C9-A0BB-47C0-A62C-8D4F6EF2AAD7}"
EndProject
Project("{9A19103F-16F7-4668-BE54-9A1E7A4F7556}") = "VoleyPlaya.Repository", "Federacion\VoleyPlaya.Repository\VoleyPlaya.Repository.csproj", "{9B647883-C05A-439A-B202-D3AB607CCCB4}"
EndProject
Project("{9A19103F-16F7-4668-BE54-9A1E7A4F7556}") = "VoleyPlaya.Domain", "Federacion\VoleyPlaya.Domain\VoleyPlaya.Domain.csproj", "{16B05D23-C39A-424D-961D-0E43D77B73F8}"
EndProject
Project("{9A19103F-16F7-4668-BE54-9A1E7A4F7556}") = "VoleyPlaya.GestionWeb", "Federacion\VoleyPlaya.GestionWeb\VoleyPlaya.GestionWeb.csproj", "{D769B04D-B5BE-4E1F-B54C-14D4AB8EE3F4}"
EndProject
Project("{2150E333-8FDC-42A3-9474-1A3956D46DE8}") = "Comun", "Comun", "{C1236148-CC16-4078-9303-27E42F8FB2DA}"
EndProject
Project("{9A19103F-16F7-4668-BE54-9A1E7A4F7556}") = "PruebasDB", "Federacion\PruebasDB\PruebasDB.csproj", "{D15ADC6C-C96D-49FB-88D1-18735FE21B76}"
EndProject
Project("{2150E333-8FDC-42A3-9474-1A3956D46DE8}") = "ServiciosWeb", "ServiciosWeb", "{01D96FC8-5332-4EAE-ADF7-C29E7C6989B5}"
EndProject
Project("{9A19103F-16F7-4668-BE54-9A1E7A4F7556}") = "Ejemplo.WebAPI", "Ejemplos\Ejemplo.WebAPI\Ejemplo.WebAPI.csproj", "{09C721E9-0378-4A01-915A-9CD7AB2A164E}"
EndProject
Project("{9A19103F-16F7-4668-BE54-9A1E7A4F7556}") = "Ejemplo.Client", "Ejemplos\Ejemplo.Client\Ejemplo.Client.csproj", "{1B96EF83-57DD-4232-A417-F7B41A181A9C}"
EndProject
Project("{9A19103F-16F7-4668-BE54-9A1E7A4F7556}") = "Ejemplo.EFWebAPI", "Ejemplos\Ejemplo.EFWebAPI\Ejemplo.EFWebAPI.csproj", "{1481AD51-C850-45CE-BAC5-42E54038A830}"
EndProject
Project("{2150E333-8FDC-42A3-9474-1A3956D46DE8}") = "Ligamania", "Ligamania", "{A1BF5D52-90EA-4319-B2AC-F28093F09CAE}"
EndProject
Project("{9A19103F-16F7-4668-BE54-9A1E7A4F7556}") = "Ligamania.Generic.Lib", "Ligamania\Ligamania.Generic.Lib\Ligamania.Generic.Lib.csproj", "{6F76E7A4-E6B4-464B-8E45-7D9ED9C3C4EA}"
EndProject
Project("{9A19103F-16F7-4668-BE54-9A1E7A4F7556}") = "Ligamania.Repository", "Ligamania\Ligamania.Repository\Ligamania.Repository.csproj", "{E8C569C0-83BB-4549-A8F4-FB9CDB80A857}"
EndProject
Project("{9A19103F-16F7-4668-BE54-9A1E7A4F7556}") = "Ligamania.API.Lib", "Ligamania\Ligamania.API.Lib\Ligamania.API.Lib.csproj", "{098C2705-B136-460E-AEAE-04C7FA3BAF98}"
EndProject
Project("{9A19103F-16F7-4668-BE54-9A1E7A4F7556}") = "Ligamania.Web", "Ligamania\Ligamania.Web\Ligamania.Web.csproj", "{4BDB4C12-BB3F-4661-BAE4-B147BE09E7A9}"
EndProject
Project("{9A19103F-16F7-4668-BE54-9A1E7A4F7556}") = "LigamaniaCoreApp", "Ligamania\LigamaniaCoreApp\LigamaniaCoreApp.csproj", "{A97E8100-1207-44F1-95A8-2932D822BCC2}"
EndProject
Project("{2150E333-8FDC-42A3-9474-1A3956D46DE8}") = "Voley Playa", "Voley Playa", "{5A4C348B-4A40-4403-A0F7-D07702B60B4E}"
EndProject
Project("{2150E333-8FDC-42A3-9474-1A3956D46DE8}") = "APIGateways", "APIGateways", "{08B03727-DC31-44BF-A894-55C64BDA2ADD}"
EndProject
Project("{2150E333-8FDC-42A3-9474-1A3956D46DE8}") = "Services", "Services", "{C4DA9419-C267-46E9-B595-89C6DFF0D205}"
EndProject
Project("{2150E333-8FDC-42A3-9474-1A3956D46DE8}") = "Web", "Web", "{F3856519-C42F-4CFB-B601-8859A650EDFD}"
EndProject
Project("{2150E333-8FDC-42A3-9474-1A3956D46DE8}") = "Management", "Management", "{C5332EC4-20B5-4B17-8B2B-F524312784F5}"
EndProject
Project("{2150E333-8FDC-42A3-9474-1A3956D46DE8}") = "Organization", "Organization", "{AA5F5F0E-044E-48BB-A23B-130A9BBFFC5C}"
EndProject
Project("{2150E333-8FDC-42A3-9474-1A3956D46DE8}") = "API", "API", "{0FB6D46A-2D54-46C3-B670-095D0AF094D1}"
EndProject
Project("{2150E333-8FDC-42A3-9474-1A3956D46DE8}") = "Core", "Core", "{D109BE2D-6284-43AD-BEFF-E5F4F7FE2C17}"
EndProject
Project("{2150E333-8FDC-42A3-9474-1A3956D46DE8}") = "Infraestructure", "Infraestructure", "{AED34199-C3CF-4A67-9182-36FD3BE78328}"
EndProject
Project("{2150E333-8FDC-42A3-9474-1A3956D46DE8}") = "API", "API", "{1EDE0F38-37CC-4E40-A0D0-56C586F5F9EC}"
EndProject
Project("{2150E333-8FDC-42A3-9474-1A3956D46DE8}") = "Core", "Core", "{442084A2-92F9-4040-80D2-458F823732DA}"
EndProject
Project("{2150E333-8FDC-42A3-9474-1A3956D46DE8}") = "Infraestructure", "Infraestructure", "{D2D56E66-41C2-4BC1-8DDE-A3D3F87BB304}"
EndProject
Project("{9A19103F-16F7-4668-BE54-9A1E7A4F7556}") = "VoleyPlaya.Management.Domain", "Federacion\V2\VoleyPlaya.Management.Domain\VoleyPlaya.Management.Domain.csproj", "{37E54D7E-289D-4C78-88BA-5E06468215E2}"
EndProject
Project("{9A19103F-16F7-4668-BE54-9A1E7A4F7556}") = "VoleyPlaya.Management.Application", "Federacion\V2\VoleyPlaya.Management.Application\VoleyPlaya.Management.Application.csproj", "{4C8F7599-E19E-468C-93D2-37C7B30D582D}"
EndProject
Project("{9A19103F-16F7-4668-BE54-9A1E7A4F7556}") = "VoleyPlaya.Organization.Domain", "Federacion\V2\VoleyPlaya.Organization.Domain\VoleyPlaya.Organization.Domain.csproj", "{6D093FC1-1498-4603-92CA-83EDFA632A01}"
EndProject
Project("{9A19103F-16F7-4668-BE54-9A1E7A4F7556}") = "VoleyPlaya.Organization.Application", "Federacion\V2\VoleyPlaya.Organization.Application\VoleyPlaya.Organization.Application.csproj", "{AA6D7FF8-F795-4536-88C1-1B96D150A524}"
EndProject
Project("{9A19103F-16F7-4668-BE54-9A1E7A4F7556}") = "VoleyPlaya.Management.Infraestructure", "Federacion\V2\VoleyPlaya.Management.Infraestructure\VoleyPlaya.Management.Infraestructure.csproj", "{106609BE-2E63-4E0F-B48F-E895D3197592}"
EndProject
Project("{9A19103F-16F7-4668-BE54-9A1E7A4F7556}") = "VoleyPlaya.Organization.Infraestructure", "Federacion\V2\VoleyPlaya.Organization.Infraestructure\VoleyPlaya.Organization.Infraestructure.csproj", "{6428E609-71AA-4B0F-8451-2E9EAE4E0E8D}"
EndProject
Project("{2150E333-8FDC-42A3-9474-1A3956D46DE8}") = "Tests", "Tests", "{C1ED3FB4-342C-4465-9772-CFD275710E31}"
EndProject
Project("{2150E333-8FDC-42A3-9474-1A3956D46DE8}") = "Tests", "Tests", "{5FC0E212-D279-4386-86E3-9E3CE0EC2CBD}"
EndProject
Project("{9A19103F-16F7-4668-BE54-9A1E7A4F7556}") = "VoleyPlaya.Management.API", "Federacion\V2\VoleyPlaya.Management.API\VoleyPlaya.Management.API.csproj", "{D108C0E1-DD83-4429-89C2-9F6E179B63A5}"
EndProject
Project("{9A19103F-16F7-4668-BE54-9A1E7A4F7556}") = "VoleyPlaya.Organization.API", "Federacion\V2\VoleyPlaya.Organization.API\VoleyPlaya.Organization.API.csproj", "{5AE51DC4-82AE-4984-AC19-70CD70240A70}"
EndProject
Project("{9A19103F-16F7-4668-BE54-9A1E7A4F7556}") = "VoleyPlaya.Organization.Test", "Federacion\V2\VoleyPlaya.Organization.Test\VoleyPlaya.Organization.Test.csproj", "{347EBB23-0E15-4A3D-9820-44DD6D2B6858}"
EndProject
Project("{2150E333-8FDC-42A3-9474-1A3956D46DE8}") = "GenericLibraries", "GenericLibraries", "{FE872301-DCC9-4E03-A1E5-0381EDC47AE2}"
EndProject
Project("{FAE04EC0-301F-11D3-BF4B-00C04F79EFBC}") = "GenericLib", "Federacion\V2\GenericLib\GenericLib.csproj", "{90ABBE3E-52B2-4C25-85DD-CF19D3DD3D4A}"
EndProject
Global
	GlobalSection(SolutionConfigurationPlatforms) = preSolution
		Debug|Any CPU = Debug|Any CPU
		Release|Any CPU = Release|Any CPU
		Staging|Any CPU = Staging|Any CPU
	EndGlobalSection
	GlobalSection(ProjectConfigurationPlatforms) = postSolution
		{571073AC-A3F2-4C90-B5A8-11B0665359DB}.Debug|Any CPU.ActiveCfg = Debug|Any CPU
		{571073AC-A3F2-4C90-B5A8-11B0665359DB}.Debug|Any CPU.Build.0 = Debug|Any CPU
		{571073AC-A3F2-4C90-B5A8-11B0665359DB}.Release|Any CPU.ActiveCfg = Release|Any CPU
		{571073AC-A3F2-4C90-B5A8-11B0665359DB}.Release|Any CPU.Build.0 = Release|Any CPU
		{571073AC-A3F2-4C90-B5A8-11B0665359DB}.Staging|Any CPU.ActiveCfg = Staging|Any CPU
		{571073AC-A3F2-4C90-B5A8-11B0665359DB}.Staging|Any CPU.Build.0 = Staging|Any CPU
		{9C87F6D5-BBD9-4205-A988-408EA4AC0A51}.Debug|Any CPU.ActiveCfg = Debug|Any CPU
		{9C87F6D5-BBD9-4205-A988-408EA4AC0A51}.Debug|Any CPU.Build.0 = Debug|Any CPU
		{9C87F6D5-BBD9-4205-A988-408EA4AC0A51}.Release|Any CPU.ActiveCfg = Release|Any CPU
		{9C87F6D5-BBD9-4205-A988-408EA4AC0A51}.Release|Any CPU.Build.0 = Release|Any CPU
		{9C87F6D5-BBD9-4205-A988-408EA4AC0A51}.Staging|Any CPU.ActiveCfg = Debug|Any CPU
		{549B50C9-A0BB-47C0-A62C-8D4F6EF2AAD7}.Debug|Any CPU.ActiveCfg = Debug|Any CPU
		{549B50C9-A0BB-47C0-A62C-8D4F6EF2AAD7}.Debug|Any CPU.Build.0 = Debug|Any CPU
		{549B50C9-A0BB-47C0-A62C-8D4F6EF2AAD7}.Debug|Any CPU.Deploy.0 = Debug|Any CPU
		{549B50C9-A0BB-47C0-A62C-8D4F6EF2AAD7}.Release|Any CPU.ActiveCfg = Release|Any CPU
		{549B50C9-A0BB-47C0-A62C-8D4F6EF2AAD7}.Release|Any CPU.Build.0 = Release|Any CPU
		{549B50C9-A0BB-47C0-A62C-8D4F6EF2AAD7}.Release|Any CPU.Deploy.0 = Release|Any CPU
		{549B50C9-A0BB-47C0-A62C-8D4F6EF2AAD7}.Staging|Any CPU.ActiveCfg = Debug|Any CPU
		{549B50C9-A0BB-47C0-A62C-8D4F6EF2AAD7}.Staging|Any CPU.Build.0 = Debug|Any CPU
		{549B50C9-A0BB-47C0-A62C-8D4F6EF2AAD7}.Staging|Any CPU.Deploy.0 = Debug|Any CPU
		{9B647883-C05A-439A-B202-D3AB607CCCB4}.Debug|Any CPU.ActiveCfg = Debug|Any CPU
		{9B647883-C05A-439A-B202-D3AB607CCCB4}.Debug|Any CPU.Build.0 = Debug|Any CPU
		{9B647883-C05A-439A-B202-D3AB607CCCB4}.Release|Any CPU.ActiveCfg = Release|Any CPU
		{9B647883-C05A-439A-B202-D3AB607CCCB4}.Release|Any CPU.Build.0 = Release|Any CPU
		{9B647883-C05A-439A-B202-D3AB607CCCB4}.Staging|Any CPU.ActiveCfg = Debug|Any CPU
		{16B05D23-C39A-424D-961D-0E43D77B73F8}.Debug|Any CPU.ActiveCfg = Debug|Any CPU
		{16B05D23-C39A-424D-961D-0E43D77B73F8}.Debug|Any CPU.Build.0 = Debug|Any CPU
		{16B05D23-C39A-424D-961D-0E43D77B73F8}.Release|Any CPU.ActiveCfg = Release|Any CPU
		{16B05D23-C39A-424D-961D-0E43D77B73F8}.Release|Any CPU.Build.0 = Release|Any CPU
		{16B05D23-C39A-424D-961D-0E43D77B73F8}.Staging|Any CPU.ActiveCfg = Debug|Any CPU
		{D769B04D-B5BE-4E1F-B54C-14D4AB8EE3F4}.Debug|Any CPU.ActiveCfg = Debug|Any CPU
		{D769B04D-B5BE-4E1F-B54C-14D4AB8EE3F4}.Debug|Any CPU.Build.0 = Debug|Any CPU
		{D769B04D-B5BE-4E1F-B54C-14D4AB8EE3F4}.Release|Any CPU.ActiveCfg = Release|Any CPU
		{D769B04D-B5BE-4E1F-B54C-14D4AB8EE3F4}.Release|Any CPU.Build.0 = Release|Any CPU
		{D769B04D-B5BE-4E1F-B54C-14D4AB8EE3F4}.Staging|Any CPU.ActiveCfg = Debug|Any CPU
		{D15ADC6C-C96D-49FB-88D1-18735FE21B76}.Debug|Any CPU.ActiveCfg = Debug|Any CPU
		{D15ADC6C-C96D-49FB-88D1-18735FE21B76}.Debug|Any CPU.Build.0 = Debug|Any CPU
		{D15ADC6C-C96D-49FB-88D1-18735FE21B76}.Release|Any CPU.ActiveCfg = Release|Any CPU
		{D15ADC6C-C96D-49FB-88D1-18735FE21B76}.Release|Any CPU.Build.0 = Release|Any CPU
		{D15ADC6C-C96D-49FB-88D1-18735FE21B76}.Staging|Any CPU.ActiveCfg = Debug|Any CPU
		{09C721E9-0378-4A01-915A-9CD7AB2A164E}.Debug|Any CPU.ActiveCfg = Debug|Any CPU
		{09C721E9-0378-4A01-915A-9CD7AB2A164E}.Debug|Any CPU.Build.0 = Debug|Any CPU
		{09C721E9-0378-4A01-915A-9CD7AB2A164E}.Release|Any CPU.ActiveCfg = Release|Any CPU
		{09C721E9-0378-4A01-915A-9CD7AB2A164E}.Release|Any CPU.Build.0 = Release|Any CPU
		{09C721E9-0378-4A01-915A-9CD7AB2A164E}.Staging|Any CPU.ActiveCfg = Debug|Any CPU
		{1B96EF83-57DD-4232-A417-F7B41A181A9C}.Debug|Any CPU.ActiveCfg = Debug|Any CPU
		{1B96EF83-57DD-4232-A417-F7B41A181A9C}.Debug|Any CPU.Build.0 = Debug|Any CPU
		{1B96EF83-57DD-4232-A417-F7B41A181A9C}.Release|Any CPU.ActiveCfg = Release|Any CPU
		{1B96EF83-57DD-4232-A417-F7B41A181A9C}.Release|Any CPU.Build.0 = Release|Any CPU
		{1B96EF83-57DD-4232-A417-F7B41A181A9C}.Staging|Any CPU.ActiveCfg = Debug|Any CPU
		{1481AD51-C850-45CE-BAC5-42E54038A830}.Debug|Any CPU.ActiveCfg = Debug|Any CPU
		{1481AD51-C850-45CE-BAC5-42E54038A830}.Debug|Any CPU.Build.0 = Debug|Any CPU
		{1481AD51-C850-45CE-BAC5-42E54038A830}.Release|Any CPU.ActiveCfg = Release|Any CPU
		{1481AD51-C850-45CE-BAC5-42E54038A830}.Release|Any CPU.Build.0 = Release|Any CPU
		{1481AD51-C850-45CE-BAC5-42E54038A830}.Staging|Any CPU.ActiveCfg = Debug|Any CPU
		{6F76E7A4-E6B4-464B-8E45-7D9ED9C3C4EA}.Debug|Any CPU.ActiveCfg = Debug|Any CPU
		{6F76E7A4-E6B4-464B-8E45-7D9ED9C3C4EA}.Debug|Any CPU.Build.0 = Debug|Any CPU
		{6F76E7A4-E6B4-464B-8E45-7D9ED9C3C4EA}.Release|Any CPU.ActiveCfg = Release|Any CPU
		{6F76E7A4-E6B4-464B-8E45-7D9ED9C3C4EA}.Release|Any CPU.Build.0 = Release|Any CPU
		{6F76E7A4-E6B4-464B-8E45-7D9ED9C3C4EA}.Staging|Any CPU.ActiveCfg = Staging|Any CPU
		{6F76E7A4-E6B4-464B-8E45-7D9ED9C3C4EA}.Staging|Any CPU.Build.0 = Staging|Any CPU
		{E8C569C0-83BB-4549-A8F4-FB9CDB80A857}.Debug|Any CPU.ActiveCfg = Debug|Any CPU
		{E8C569C0-83BB-4549-A8F4-FB9CDB80A857}.Debug|Any CPU.Build.0 = Debug|Any CPU
		{E8C569C0-83BB-4549-A8F4-FB9CDB80A857}.Release|Any CPU.ActiveCfg = Release|Any CPU
		{E8C569C0-83BB-4549-A8F4-FB9CDB80A857}.Release|Any CPU.Build.0 = Release|Any CPU
		{E8C569C0-83BB-4549-A8F4-FB9CDB80A857}.Staging|Any CPU.ActiveCfg = Staging|Any CPU
		{E8C569C0-83BB-4549-A8F4-FB9CDB80A857}.Staging|Any CPU.Build.0 = Staging|Any CPU
		{098C2705-B136-460E-AEAE-04C7FA3BAF98}.Debug|Any CPU.ActiveCfg = Debug|Any CPU
		{098C2705-B136-460E-AEAE-04C7FA3BAF98}.Debug|Any CPU.Build.0 = Debug|Any CPU
		{098C2705-B136-460E-AEAE-04C7FA3BAF98}.Release|Any CPU.ActiveCfg = Release|Any CPU
		{098C2705-B136-460E-AEAE-04C7FA3BAF98}.Release|Any CPU.Build.0 = Release|Any CPU
		{098C2705-B136-460E-AEAE-04C7FA3BAF98}.Staging|Any CPU.ActiveCfg = Staging|Any CPU
		{098C2705-B136-460E-AEAE-04C7FA3BAF98}.Staging|Any CPU.Build.0 = Staging|Any CPU
		{4BDB4C12-BB3F-4661-BAE4-B147BE09E7A9}.Debug|Any CPU.ActiveCfg = Debug|Any CPU
		{4BDB4C12-BB3F-4661-BAE4-B147BE09E7A9}.Debug|Any CPU.Build.0 = Debug|Any CPU
		{4BDB4C12-BB3F-4661-BAE4-B147BE09E7A9}.Release|Any CPU.ActiveCfg = Release|Any CPU
		{4BDB4C12-BB3F-4661-BAE4-B147BE09E7A9}.Release|Any CPU.Build.0 = Release|Any CPU
		{4BDB4C12-BB3F-4661-BAE4-B147BE09E7A9}.Staging|Any CPU.ActiveCfg = Debug|Any CPU
		{4BDB4C12-BB3F-4661-BAE4-B147BE09E7A9}.Staging|Any CPU.Build.0 = Debug|Any CPU
		{A97E8100-1207-44F1-95A8-2932D822BCC2}.Debug|Any CPU.ActiveCfg = Debug|Any CPU
		{A97E8100-1207-44F1-95A8-2932D822BCC2}.Debug|Any CPU.Build.0 = Debug|Any CPU
		{A97E8100-1207-44F1-95A8-2932D822BCC2}.Release|Any CPU.ActiveCfg = Release|Any CPU
		{A97E8100-1207-44F1-95A8-2932D822BCC2}.Release|Any CPU.Build.0 = Release|Any CPU
		{A97E8100-1207-44F1-95A8-2932D822BCC2}.Staging|Any CPU.ActiveCfg = Debug|Any CPU
		{A97E8100-1207-44F1-95A8-2932D822BCC2}.Staging|Any CPU.Build.0 = Debug|Any CPU
		{37E54D7E-289D-4C78-88BA-5E06468215E2}.Debug|Any CPU.ActiveCfg = Debug|Any CPU
		{37E54D7E-289D-4C78-88BA-5E06468215E2}.Debug|Any CPU.Build.0 = Debug|Any CPU
		{37E54D7E-289D-4C78-88BA-5E06468215E2}.Release|Any CPU.ActiveCfg = Release|Any CPU
		{37E54D7E-289D-4C78-88BA-5E06468215E2}.Release|Any CPU.Build.0 = Release|Any CPU
		{37E54D7E-289D-4C78-88BA-5E06468215E2}.Staging|Any CPU.ActiveCfg = Debug|Any CPU
		{37E54D7E-289D-4C78-88BA-5E06468215E2}.Staging|Any CPU.Build.0 = Debug|Any CPU
		{4C8F7599-E19E-468C-93D2-37C7B30D582D}.Debug|Any CPU.ActiveCfg = Debug|Any CPU
		{4C8F7599-E19E-468C-93D2-37C7B30D582D}.Debug|Any CPU.Build.0 = Debug|Any CPU
		{4C8F7599-E19E-468C-93D2-37C7B30D582D}.Release|Any CPU.ActiveCfg = Release|Any CPU
		{4C8F7599-E19E-468C-93D2-37C7B30D582D}.Release|Any CPU.Build.0 = Release|Any CPU
		{4C8F7599-E19E-468C-93D2-37C7B30D582D}.Staging|Any CPU.ActiveCfg = Debug|Any CPU
		{4C8F7599-E19E-468C-93D2-37C7B30D582D}.Staging|Any CPU.Build.0 = Debug|Any CPU
		{6D093FC1-1498-4603-92CA-83EDFA632A01}.Debug|Any CPU.ActiveCfg = Debug|Any CPU
		{6D093FC1-1498-4603-92CA-83EDFA632A01}.Debug|Any CPU.Build.0 = Debug|Any CPU
		{6D093FC1-1498-4603-92CA-83EDFA632A01}.Release|Any CPU.ActiveCfg = Release|Any CPU
		{6D093FC1-1498-4603-92CA-83EDFA632A01}.Release|Any CPU.Build.0 = Release|Any CPU
		{6D093FC1-1498-4603-92CA-83EDFA632A01}.Staging|Any CPU.ActiveCfg = Debug|Any CPU
		{6D093FC1-1498-4603-92CA-83EDFA632A01}.Staging|Any CPU.Build.0 = Debug|Any CPU
		{AA6D7FF8-F795-4536-88C1-1B96D150A524}.Debug|Any CPU.ActiveCfg = Debug|Any CPU
		{AA6D7FF8-F795-4536-88C1-1B96D150A524}.Debug|Any CPU.Build.0 = Debug|Any CPU
		{AA6D7FF8-F795-4536-88C1-1B96D150A524}.Release|Any CPU.ActiveCfg = Release|Any CPU
		{AA6D7FF8-F795-4536-88C1-1B96D150A524}.Release|Any CPU.Build.0 = Release|Any CPU
		{AA6D7FF8-F795-4536-88C1-1B96D150A524}.Staging|Any CPU.ActiveCfg = Debug|Any CPU
		{AA6D7FF8-F795-4536-88C1-1B96D150A524}.Staging|Any CPU.Build.0 = Debug|Any CPU
		{106609BE-2E63-4E0F-B48F-E895D3197592}.Debug|Any CPU.ActiveCfg = Debug|Any CPU
		{106609BE-2E63-4E0F-B48F-E895D3197592}.Debug|Any CPU.Build.0 = Debug|Any CPU
		{106609BE-2E63-4E0F-B48F-E895D3197592}.Release|Any CPU.ActiveCfg = Release|Any CPU
		{106609BE-2E63-4E0F-B48F-E895D3197592}.Release|Any CPU.Build.0 = Release|Any CPU
		{106609BE-2E63-4E0F-B48F-E895D3197592}.Staging|Any CPU.ActiveCfg = Debug|Any CPU
		{106609BE-2E63-4E0F-B48F-E895D3197592}.Staging|Any CPU.Build.0 = Debug|Any CPU
		{6428E609-71AA-4B0F-8451-2E9EAE4E0E8D}.Debug|Any CPU.ActiveCfg = Debug|Any CPU
		{6428E609-71AA-4B0F-8451-2E9EAE4E0E8D}.Debug|Any CPU.Build.0 = Debug|Any CPU
		{6428E609-71AA-4B0F-8451-2E9EAE4E0E8D}.Release|Any CPU.ActiveCfg = Release|Any CPU
		{6428E609-71AA-4B0F-8451-2E9EAE4E0E8D}.Release|Any CPU.Build.0 = Release|Any CPU
		{6428E609-71AA-4B0F-8451-2E9EAE4E0E8D}.Staging|Any CPU.ActiveCfg = Debug|Any CPU
		{6428E609-71AA-4B0F-8451-2E9EAE4E0E8D}.Staging|Any CPU.Build.0 = Debug|Any CPU
		{D108C0E1-DD83-4429-89C2-9F6E179B63A5}.Debug|Any CPU.ActiveCfg = Debug|Any CPU
		{D108C0E1-DD83-4429-89C2-9F6E179B63A5}.Debug|Any CPU.Build.0 = Debug|Any CPU
		{D108C0E1-DD83-4429-89C2-9F6E179B63A5}.Release|Any CPU.ActiveCfg = Release|Any CPU
		{D108C0E1-DD83-4429-89C2-9F6E179B63A5}.Release|Any CPU.Build.0 = Release|Any CPU
		{D108C0E1-DD83-4429-89C2-9F6E179B63A5}.Staging|Any CPU.ActiveCfg = Debug|Any CPU
		{D108C0E1-DD83-4429-89C2-9F6E179B63A5}.Staging|Any CPU.Build.0 = Debug|Any CPU
		{5AE51DC4-82AE-4984-AC19-70CD70240A70}.Debug|Any CPU.ActiveCfg = Debug|Any CPU
		{5AE51DC4-82AE-4984-AC19-70CD70240A70}.Debug|Any CPU.Build.0 = Debug|Any CPU
		{5AE51DC4-82AE-4984-AC19-70CD70240A70}.Release|Any CPU.ActiveCfg = Release|Any CPU
		{5AE51DC4-82AE-4984-AC19-70CD70240A70}.Release|Any CPU.Build.0 = Release|Any CPU
		{5AE51DC4-82AE-4984-AC19-70CD70240A70}.Staging|Any CPU.ActiveCfg = Debug|Any CPU
		{5AE51DC4-82AE-4984-AC19-70CD70240A70}.Staging|Any CPU.Build.0 = Debug|Any CPU
		{347EBB23-0E15-4A3D-9820-44DD6D2B6858}.Debug|Any CPU.ActiveCfg = Debug|Any CPU
		{347EBB23-0E15-4A3D-9820-44DD6D2B6858}.Debug|Any CPU.Build.0 = Debug|Any CPU
		{347EBB23-0E15-4A3D-9820-44DD6D2B6858}.Release|Any CPU.ActiveCfg = Release|Any CPU
		{347EBB23-0E15-4A3D-9820-44DD6D2B6858}.Release|Any CPU.Build.0 = Release|Any CPU
		{347EBB23-0E15-4A3D-9820-44DD6D2B6858}.Staging|Any CPU.ActiveCfg = Debug|Any CPU
		{347EBB23-0E15-4A3D-9820-44DD6D2B6858}.Staging|Any CPU.Build.0 = Debug|Any CPU
		{90ABBE3E-52B2-4C25-85DD-CF19D3DD3D4A}.Debug|Any CPU.ActiveCfg = Debug|Any CPU
		{90ABBE3E-52B2-4C25-85DD-CF19D3DD3D4A}.Debug|Any CPU.Build.0 = Debug|Any CPU
		{90ABBE3E-52B2-4C25-85DD-CF19D3DD3D4A}.Release|Any CPU.ActiveCfg = Release|Any CPU
		{90ABBE3E-52B2-4C25-85DD-CF19D3DD3D4A}.Release|Any CPU.Build.0 = Release|Any CPU
		{90ABBE3E-52B2-4C25-85DD-CF19D3DD3D4A}.Staging|Any CPU.ActiveCfg = Debug|Any CPU
		{90ABBE3E-52B2-4C25-85DD-CF19D3DD3D4A}.Staging|Any CPU.Build.0 = Debug|Any CPU
	EndGlobalSection
	GlobalSection(SolutionProperties) = preSolution
		HideSolutionNode = FALSE
	EndGlobalSection
	GlobalSection(NestedProjects) = preSolution
		{571073AC-A3F2-4C90-B5A8-11B0665359DB} = {C1236148-CC16-4078-9303-27E42F8FB2DA}
		{9C87F6D5-BBD9-4205-A988-408EA4AC0A51} = {63AEA20F-8648-4D8D-B921-1CF4450A805B}
		{549B50C9-A0BB-47C0-A62C-8D4F6EF2AAD7} = {C2298CAC-207C-4B77-A9F1-57109A69BBDB}
		{9B647883-C05A-439A-B202-D3AB607CCCB4} = {63AEA20F-8648-4D8D-B921-1CF4450A805B}
		{16B05D23-C39A-424D-961D-0E43D77B73F8} = {63AEA20F-8648-4D8D-B921-1CF4450A805B}
		{D769B04D-B5BE-4E1F-B54C-14D4AB8EE3F4} = {63AEA20F-8648-4D8D-B921-1CF4450A805B}
		{D15ADC6C-C96D-49FB-88D1-18735FE21B76} = {63AEA20F-8648-4D8D-B921-1CF4450A805B}
		{09C721E9-0378-4A01-915A-9CD7AB2A164E} = {01D96FC8-5332-4EAE-ADF7-C29E7C6989B5}
		{1B96EF83-57DD-4232-A417-F7B41A181A9C} = {01D96FC8-5332-4EAE-ADF7-C29E7C6989B5}
		{1481AD51-C850-45CE-BAC5-42E54038A830} = {01D96FC8-5332-4EAE-ADF7-C29E7C6989B5}
		{6F76E7A4-E6B4-464B-8E45-7D9ED9C3C4EA} = {A1BF5D52-90EA-4319-B2AC-F28093F09CAE}
		{E8C569C0-83BB-4549-A8F4-FB9CDB80A857} = {A1BF5D52-90EA-4319-B2AC-F28093F09CAE}
		{098C2705-B136-460E-AEAE-04C7FA3BAF98} = {A1BF5D52-90EA-4319-B2AC-F28093F09CAE}
		{4BDB4C12-BB3F-4661-BAE4-B147BE09E7A9} = {A1BF5D52-90EA-4319-B2AC-F28093F09CAE}
		{A97E8100-1207-44F1-95A8-2932D822BCC2} = {A1BF5D52-90EA-4319-B2AC-F28093F09CAE}
		{08B03727-DC31-44BF-A894-55C64BDA2ADD} = {5A4C348B-4A40-4403-A0F7-D07702B60B4E}
		{C4DA9419-C267-46E9-B595-89C6DFF0D205} = {5A4C348B-4A40-4403-A0F7-D07702B60B4E}
		{F3856519-C42F-4CFB-B601-8859A650EDFD} = {5A4C348B-4A40-4403-A0F7-D07702B60B4E}
		{C5332EC4-20B5-4B17-8B2B-F524312784F5} = {C4DA9419-C267-46E9-B595-89C6DFF0D205}
		{AA5F5F0E-044E-48BB-A23B-130A9BBFFC5C} = {C4DA9419-C267-46E9-B595-89C6DFF0D205}
		{0FB6D46A-2D54-46C3-B670-095D0AF094D1} = {C5332EC4-20B5-4B17-8B2B-F524312784F5}
		{D109BE2D-6284-43AD-BEFF-E5F4F7FE2C17} = {C5332EC4-20B5-4B17-8B2B-F524312784F5}
		{AED34199-C3CF-4A67-9182-36FD3BE78328} = {C5332EC4-20B5-4B17-8B2B-F524312784F5}
		{1EDE0F38-37CC-4E40-A0D0-56C586F5F9EC} = {AA5F5F0E-044E-48BB-A23B-130A9BBFFC5C}
		{442084A2-92F9-4040-80D2-458F823732DA} = {AA5F5F0E-044E-48BB-A23B-130A9BBFFC5C}
		{D2D56E66-41C2-4BC1-8DDE-A3D3F87BB304} = {AA5F5F0E-044E-48BB-A23B-130A9BBFFC5C}
		{37E54D7E-289D-4C78-88BA-5E06468215E2} = {D109BE2D-6284-43AD-BEFF-E5F4F7FE2C17}
		{4C8F7599-E19E-468C-93D2-37C7B30D582D} = {D109BE2D-6284-43AD-BEFF-E5F4F7FE2C17}
		{6D093FC1-1498-4603-92CA-83EDFA632A01} = {442084A2-92F9-4040-80D2-458F823732DA}
		{AA6D7FF8-F795-4536-88C1-1B96D150A524} = {442084A2-92F9-4040-80D2-458F823732DA}
		{106609BE-2E63-4E0F-B48F-E895D3197592} = {AED34199-C3CF-4A67-9182-36FD3BE78328}
		{6428E609-71AA-4B0F-8451-2E9EAE4E0E8D} = {D2D56E66-41C2-4BC1-8DDE-A3D3F87BB304}
		{C1ED3FB4-342C-4465-9772-CFD275710E31} = {C5332EC4-20B5-4B17-8B2B-F524312784F5}
		{5FC0E212-D279-4386-86E3-9E3CE0EC2CBD} = {AA5F5F0E-044E-48BB-A23B-130A9BBFFC5C}
		{D108C0E1-DD83-4429-89C2-9F6E179B63A5} = {0FB6D46A-2D54-46C3-B670-095D0AF094D1}
		{5AE51DC4-82AE-4984-AC19-70CD70240A70} = {1EDE0F38-37CC-4E40-A0D0-56C586F5F9EC}
		{347EBB23-0E15-4A3D-9820-44DD6D2B6858} = {5FC0E212-D279-4386-86E3-9E3CE0EC2CBD}
		{FE872301-DCC9-4E03-A1E5-0381EDC47AE2} = {5A4C348B-4A40-4403-A0F7-D07702B60B4E}
		{90ABBE3E-52B2-4C25-85DD-CF19D3DD3D4A} = {FE872301-DCC9-4E03-A1E5-0381EDC47AE2}
	EndGlobalSection
	GlobalSection(ExtensibilityGlobals) = postSolution
		SolutionGuid = {540FF9B9-61AA-4A24-9683-26130E63A018}
	EndGlobalSection
EndGlobal
